#MicroXplorer Configuration settings - do not modify
COMP1.IPParameters=TriggerMode
COMP1.TriggerMode=COMP_TRIGGERMODE_IT_RISING
File.Version=6
KeepUserPlacement=false
Mcu.Family=STM32L4
Mcu.IP0=COMP1
Mcu.IP1=DAC1
Mcu.IP10=USART1
Mcu.IP2=I2C1
Mcu.IP3=NVIC
Mcu.IP4=RCC
Mcu.IP5=RTC
Mcu.IP6=SPI1
Mcu.IP7=SYS
Mcu.IP8=TIM2
Mcu.IP9=UART5
Mcu.IPNb=11
Mcu.Name=STM32L475R(C-E-G)Tx
Mcu.Package=LQFP64
Mcu.Pin0=PC14-OSC32_IN (PC14)
Mcu.Pin1=PC15-OSC32_OUT (PC15)
Mcu.Pin10=PA5
Mcu.Pin11=PA6
Mcu.Pin12=PA7
Mcu.Pin13=PC4
Mcu.Pin14=PC5
Mcu.Pin15=PB0
Mcu.Pin16=PB1
Mcu.Pin17=PB2
Mcu.Pin18=PB10
Mcu.Pin19=PB11
Mcu.Pin2=PH0-OSC_IN (PH0)
Mcu.Pin20=PB13
Mcu.Pin21=PB14
Mcu.Pin22=PC8
Mcu.Pin23=PC9
Mcu.Pin24=PA9
Mcu.Pin25=PA10
Mcu.Pin26=PC12
Mcu.Pin27=PD2
Mcu.Pin28=PB6
Mcu.Pin29=PB7
Mcu.Pin3=PH1-OSC_OUT (PH1)
Mcu.Pin30=VP_COMP1_VS_DACOUT1
Mcu.Pin31=VP_DAC1_VS_DACI1
Mcu.Pin32=VP_RTC_VS_RTC_Activate
Mcu.Pin33=VP_RTC_VS_RTC_Calendar
Mcu.Pin34=VP_RTC_VS_RTC_WakeUp_intern
Mcu.Pin35=VP_SYS_VS_Systick
Mcu.Pin36=VP_TIM2_VS_ClockSourceINT
Mcu.Pin4=PC0
Mcu.Pin5=PA0
Mcu.Pin6=PA1
Mcu.Pin7=PA2
Mcu.Pin8=PA3
Mcu.Pin9=PA4
Mcu.PinsNb=37
Mcu.ThirdParty0=STMicroelectronics.X-CUBE-EEPRMA1.3.0.0
Mcu.ThirdPartyNb=1
Mcu.UserConstants=
Mcu.UserName=STM32L475RETx
MxCube.Version=5.0.1
MxDb.Version=DB.5.0.1
NVIC.BusFault_IRQn=true\:0\:0\:false\:false\:true\:false
NVIC.COMP_IRQn=true\:0\:0\:false\:false\:true\:false
NVIC.DebugMonitor_IRQn=true\:0\:0\:false\:false\:true\:false
NVIC.EXTI0_IRQn=true\:0\:0\:false\:false\:true\:true
NVIC.EXTI1_IRQn=true\:0\:0\:false\:false\:true\:true
NVIC.HardFault_IRQn=true\:0\:0\:false\:false\:true\:false
NVIC.MemoryManagement_IRQn=true\:0\:0\:false\:false\:true\:false
NVIC.NonMaskableInt_IRQn=true\:0\:0\:false\:false\:true\:false
NVIC.PVD_PVM_IRQn=true\:0\:0\:false\:false\:true\:true
NVIC.PendSV_IRQn=true\:0\:0\:false\:false\:true\:false
NVIC.PriorityGroup=NVIC_PRIORITYGROUP_4
NVIC.RTC_WKUP_IRQn=true\:0\:0\:false\:false\:true\:true
NVIC.SVCall_IRQn=true\:0\:0\:false\:false\:true\:false
NVIC.SysTick_IRQn=true\:0\:0\:false\:false\:true\:false
NVIC.UsageFault_IRQn=true\:0\:0\:false\:false\:true\:false
PA0.GPIOParameters=GPIO_Label
PA0.GPIO_Label=B1
PA0.Locked=true
PA0.Signal=GPXTI0
PA1.GPIOParameters=GPIO_Label
PA1.GPIO_Label=B2
PA1.Locked=true
PA1.Signal=GPXTI1
PA10.Mode=Asynchronous
PA10.Signal=USART1_RX
PA2.GPIOParameters=GPIO_Label
PA2.GPIO_Label=LED3
PA2.Locked=true
PA2.Signal=GPIO_Output
PA3.GPIOParameters=GPIO_Label
PA3.GPIO_Label=LED2
PA3.Locked=true
PA3.Signal=GPIO_Output
PA4.Mode=NSS_Signal_Hard_Output
PA4.Signal=SPI1_NSS
PA5.Locked=true
PA5.Mode=Full_Duplex_Master
PA5.Signal=SPI1_SCK
PA6.Locked=true
PA6.Mode=Full_Duplex_Master
PA6.Signal=SPI1_MISO
PA7.Locked=true
PA7.Mode=Full_Duplex_Master
PA7.Signal=SPI1_MOSI
PA9.Mode=Asynchronous
PA9.Signal=USART1_TX
PB0.GPIOParameters=GPIO_Label
PB0.GPIO_Label=T2
PB0.Locked=true
PB0.Signal=GPIO_Output
PB1.GPIOParameters=GPIO_Label
PB1.GPIO_Label=T1
PB1.Locked=true
PB1.Signal=GPIO_Output
PB10.Locked=true
PB10.Signal=GPIO_Output
PB11.GPIOParameters=GPIO_Label
PB11.GPIO_Label=BMP_CS
PB11.Locked=true
PB11.Signal=GPIO_Input
PB13.GPIOParameters=GPIO_Label
PB13.GPIO_Label=STM_KEY
PB13.Locked=true
PB13.Signal=GPIO_Output
PB14.GPIOParameters=GPIO_Label
PB14.GPIO_Label=BLE_ON
PB14.Locked=true
PB14.Signal=GPIO_Output
PB2.Mode=INP
PB2.Signal=COMP1_INP
PB6.GPIOParameters=GPIO_PuPdOD
PB6.GPIO_PuPdOD=GPIO_PULLUP
PB6.Mode=I2C
PB6.Signal=I2C1_SCL
PB7.GPIOParameters=GPIO_PuPdOD
PB7.GPIO_PuPdOD=GPIO_PULLUP
PB7.Locked=true
PB7.Mode=I2C
PB7.Signal=I2C1_SDA
PC0.Locked=true
PC0.Signal=GPIO_Output
PC12.Mode=Asynchronous
PC12.Signal=UART5_TX
PC14-OSC32_IN\ (PC14).Mode=LSE-External-Oscillator
PC14-OSC32_IN\ (PC14).Signal=RCC_OSC32_IN
PC15-OSC32_OUT\ (PC15).Mode=LSE-External-Oscillator
PC15-OSC32_OUT\ (PC15).Signal=RCC_OSC32_OUT
PC4.GPIOParameters=GPIO_Label
PC4.GPIO_Label=T4
PC4.Locked=true
PC4.Signal=GPIO_Output
PC5.GPIOParameters=GPIO_Label
PC5.GPIO_Label=T3
PC5.Locked=true
PC5.Signal=GPIO_Output
PC8.Locked=true
PC8.Signal=GPIO_Output
PC9.Locked=true
PC9.Signal=GPIO_Output
PCC.Checker=true
PCC.Line=STM32L4x5
PCC.MCU=STM32L475R(C-E-G)Tx
PCC.PartNumber=STM32L475RETx
PCC.Seq0=0
PCC.Series=STM32L4
PCC.Temperature=25
PCC.Vdd=null
PD2.Mode=Asynchronous
PD2.Signal=UART5_RX
PH0-OSC_IN\ (PH0).Mode=HSE-External-Oscillator
PH0-OSC_IN\ (PH0).Signal=RCC_OSC_IN
PH1-OSC_OUT\ (PH1).Mode=HSE-External-Oscillator
PH1-OSC_OUT\ (PH1).Signal=RCC_OSC_OUT
PinOutPanel.RotationAngle=0
ProjectManager.AskForMigrate=true
ProjectManager.BackupPrevious=false
ProjectManager.CompilerOptimize=6
ProjectManager.ComputerToolchain=false
ProjectManager.CoupleFile=false
ProjectManager.CustomerFirmwarePackage=
ProjectManager.DefaultFWLocation=true
ProjectManager.DeletePrevious=true
ProjectManager.DeviceId=STM32L475RETx
ProjectManager.FirmwarePackage=STM32Cube FW_L4 V1.13.0
ProjectManager.FreePins=false
ProjectManager.HalAssertFull=false
ProjectManager.HeapSize=0x200
ProjectManager.KeepUserCode=true
ProjectManager.LastFirmware=true
ProjectManager.LibraryCopy=1
ProjectManager.MainLocation=Src
ProjectManager.NoMain=false
ProjectManager.PreviousToolchain=SW4STM32
ProjectManager.ProjectBuild=false
ProjectManager.ProjectFileName=pr.ioc
ProjectManager.ProjectName=pr
ProjectManager.StackSize=0x400
ProjectManager.TargetToolchain=SW4STM32
ProjectManager.ToolChainLocation=
ProjectManager.UnderRoot=true
ProjectManager.functionlistsort=1-MX_GPIO_Init-GPIO-false-HAL-true,2-SystemClock_Config-RCC-false-HAL-false,3-MX_I2C1_Init-I2C1-false-HAL-true,4-MX_USART1_UART_Init-USART1-false-HAL-true,5-MX_UART5_Init-UART5-false-HAL-true,6-MX_TIM2_Init-TIM2-false-HAL-true,7-MX_DAC1_Init-DAC1-false-HAL-true,8-MX_COMP1_Init-COMP1-false-HAL-true,9-MX_RTC_Init-RTC-false-HAL-true,10-MX_SPI1_Init-SPI1-false-HAL-true
RCC.ADCFreq_Value=64000000
RCC.AHBFreq_Value=80000000
RCC.APB1Freq_Value=80000000
RCC.APB1TimFreq_Value=80000000
RCC.APB2Freq_Value=80000000
RCC.APB2TimFreq_Value=80000000
RCC.CortexFreq_Value=80000000
RCC.DFSDMFreq_Value=80000000
RCC.FCLKCortexFreq_Value=80000000
RCC.FamilyName=M
RCC.HCLKFreq_Value=80000000
RCC.HSE_VALUE=8000000
RCC.HSI_VALUE=16000000
RCC.I2C1Freq_Value=80000000
RCC.I2C2Freq_Value=80000000
RCC.I2C3Freq_Value=80000000
RCC.IPParameters=ADCFreq_Value,AHBFreq_Value,APB1Freq_Value,APB1TimFreq_Value,APB2Freq_Value,APB2TimFreq_Value,CortexFreq_Value,DFSDMFreq_Value,FCLKCortexFreq_Value,FamilyName,HCLKFreq_Value,HSE_VALUE,HSI_VALUE,I2C1Freq_Value,I2C2Freq_Value,I2C3Freq_Value,LPTIM1Freq_Value,LPTIM2Freq_Value,LPUART1Freq_Value,LSCOPinFreq_Value,LSI_VALUE,MCO1PinFreq_Value,MSIClockRange,MSI_VALUE,PLLN,PLLPoutputFreq_Value,PLLQoutputFreq_Value,PLLRCLKFreq_Value,PLLSAI1PoutputFreq_Value,PLLSAI1QoutputFreq_Value,PLLSAI1RoutputFreq_Value,PLLSAI2PoutputFreq_Value,PLLSAI2RoutputFreq_Value,PLLSourceVirtual,PWRFreq_Value,RNGFreq_Value,RTCClockSelection,RTCFreq_Value,SAI1Freq_Value,SAI2Freq_Value,SDMMCFreq_Value,SWPMI1Freq_Value,SYSCLKFreq_VALUE,SYSCLKSource,UART4Freq_Value,UART5Freq_Value,USART1Freq_Value,USART2Freq_Value,USART3Freq_Value,USBFreq_Value,VCOInputFreq_Value,VCOOutputFreq_Value,VCOSAI1OutputFreq_Value,VCOSAI2OutputFreq_Value
RCC.LPTIM1Freq_Value=80000000
RCC.LPTIM2Freq_Value=80000000
RCC.LPUART1Freq_Value=80000000
RCC.LSCOPinFreq_Value=32000
RCC.LSI_VALUE=32000
RCC.MCO1PinFreq_Value=80000000
RCC.MSIClockRange=RCC_MSIRANGE_10
RCC.MSI_VALUE=32000000
RCC.PLLN=10
RCC.PLLPoutputFreq_Value=22857142.85714286
RCC.PLLQoutputFreq_Value=80000000
RCC.PLLRCLKFreq_Value=80000000
RCC.PLLSAI1PoutputFreq_Value=18285714.285714287
RCC.PLLSAI1QoutputFreq_Value=64000000
RCC.PLLSAI1RoutputFreq_Value=64000000
RCC.PLLSAI2PoutputFreq_Value=18285714.285714287
RCC.PLLSAI2RoutputFreq_Value=64000000
RCC.PLLSourceVirtual=RCC_PLLSOURCE_HSI
RCC.PWRFreq_Value=80000000
RCC.RNGFreq_Value=64000000
RCC.RTCClockSelection=RCC_RTCCLKSOURCE_LSE
RCC.RTCFreq_Value=32768
RCC.SAI1Freq_Value=18285714.285714287
RCC.SAI2Freq_Value=18285714.285714287
RCC.SDMMCFreq_Value=64000000
RCC.SWPMI1Freq_Value=80000000
RCC.SYSCLKFreq_VALUE=80000000
RCC.SYSCLKSource=RCC_SYSCLKSOURCE_PLLCLK
RCC.UART4Freq_Value=80000000
RCC.UART5Freq_Value=80000000
RCC.USART1Freq_Value=80000000
RCC.USART2Freq_Value=80000000
RCC.USART3Freq_Value=80000000
RCC.USBFreq_Value=64000000
RCC.VCOInputFreq_Value=16000000
RCC.VCOOutputFreq_Value=160000000
RCC.VCOSAI1OutputFreq_Value=128000000
RCC.VCOSAI2OutputFreq_Value=128000000
RTC.Date=1
RTC.Format=RTC_FORMAT_BCD
RTC.Hours=16
RTC.IPParameters=Format,Hours,Minutes,WeekDay,Month,Date,Year,WakeUpClock-WakeUp
RTC.Minutes=30
RTC.Month=RTC_MONTH_AUGUST
RTC.WakeUpClock-WakeUp=RTC_WAKEUPCLOCK_CK_SPRE_16BITS
RTC.WeekDay=RTC_WEEKDAY_SUNDAY
RTC.Year=21
SH.GPXTI0.0=GPIO_EXTI0
SH.GPXTI0.ConfNb=1
SH.GPXTI1.0=GPIO_EXTI1
SH.GPXTI1.ConfNb=1
SPI1.CalculateBaudRate=40.0 MBits/s
SPI1.DataSize=SPI_DATASIZE_8BIT
SPI1.Direction=SPI_DIRECTION_2LINES
SPI1.IPParameters=VirtualType,Mode,Direction,CalculateBaudRate,VirtualNSS,DataSize
SPI1.Mode=SPI_MODE_MASTER
SPI1.VirtualNSS=VM_NSSHARD
SPI1.VirtualType=VM_MASTER
STMicroelectronics.X-CUBE-EEPRMA1.3.0.0.DeviceJjEEPRMAIiApplications.apiComponent0=Board Extension\:EEPRMA1
STMicroelectronics.X-CUBE-EEPRMA1.3.0.0.DeviceJjEEPRMAIiApplications.apiComponent1=Board Extension\:EEPRMA2
STMicroelectronics.X-CUBE-EEPRMA1.3.0.0.DeviceJjEEPRMAIiApplications.apiDoc0=Documentation/X_CUBE_EEPRMA1.chm
STMicroelectronics.X-CUBE-EEPRMA1.3.0.0.DeviceJjEEPRMAIiApplications.apiDoc1=Documentation/X_CUBE_EEPRMA1.chm
STMicroelectronics.X-CUBE-EEPRMA1.3.0.0.DeviceJjEEPRMAIiApplications.cmp_version0=3.0.0
STMicroelectronics.X-CUBE-EEPRMA1.3.0.0.DeviceJjEEPRMAIiApplications.component0=Device
STMicroelectronics.X-CUBE-EEPRMA1.3.0.0.DeviceJjEEPRMAIiApplications.description0=EEPROM READ WRITE sample example,EEPROM READ WRITE sample example for X-NUCLEO-EEPRMA2
STMicroelectronics.X-CUBE-EEPRMA1.3.0.0.DeviceJjEEPRMAIiApplications.diagnostic0=This component requires one or more component from the same SW pack to operate correctly
STMicroelectronics.X-CUBE-EEPRMA1.3.0.0.DeviceJjEEPRMAIiApplications.documentation0=Documentation/STMicroelectronics.X-CUBE-EEPRMA1_GettingStarted.pdf
STMicroelectronics.X-CUBE-EEPRMA1.3.0.0.DeviceJjEEPRMAIiApplications.group0=Application
STMicroelectronics.X-CUBE-EEPRMA1.3.0.0.DeviceJjEEPRMAIiApplications.paramName0=EEPRMAIiApplicationsCcDeviceJjApplication
STMicroelectronics.X-CUBE-EEPRMA1.3.0.0.DeviceJjEEPRMAIiApplications.sevirity0=minor
STMicroelectronics.X-CUBE-EEPRMA1.3.0.0.DeviceJjEEPRMAIiApplications.variant0=EEPRMA2_EEPROMRW
STMicroelectronics.X-CUBE-EEPRMA1.3.0.0.DeviceJjEEPRMAIiApplications_Checked=false
STMicroelectronics.X-CUBE-EEPRMA1.3.0.0.DeviceJjEEPRMAIiApplications_apiSize=2
STMicroelectronics.X-CUBE-EEPRMA1.3.0.0.DeviceJjEEPRMAIiApplications_bundle=EEPRMA_Applications
STMicroelectronics.X-CUBE-EEPRMA1.3.0.0.DeviceJjEEPRMAIiApplications_class=Device
STMicroelectronics.X-CUBE-EEPRMA1.3.0.0.DeviceJjEEPRMAIiApplications_name=X-CUBE-EEPRMA1
STMicroelectronics.X-CUBE-EEPRMA1.3.0.0.DeviceJjEEPRMAIiApplications_size=1
STMicroelectronics.X-CUBE-EEPRMA1.3.0.0.DeviceJjEEPRMAIiApplications_vendor=STMicroelectronics
STMicroelectronics.X-CUBE-EEPRMA1.3.0.0.DeviceJjEEPRMAIiApplications_version=3.0.0
STMicroelectronics.X-CUBE-EEPRMA1.3.0.0.EEPRMAIiApplicationsCcDeviceJjApplication=EEPRMA2IiEEPROMRW
STMicroelectronics.X-CUBE-EEPRMA1.3.0.0.IPParameters=EEPRMAIiApplicationsCcDeviceJjApplication
STMicroelectronics.X-CUBE-EEPRMA1.3.0.0_BoardOoExtensionJjEEPROM_RteComponentsize=0
STMicroelectronics.X-CUBE-EEPRMA1.3.0.0_BoardOoPartJjEEPROM_RteComponentsize=0
STMicroelectronics.X-CUBE-EEPRMA1.3.0.0_BoardOoSupportJjSTM32CubeIiCustomIiBSPIiDrivers_RteComponentsize=0
STMicroelectronics.X-CUBE-EEPRMA1.3.0.0_DeviceJjEEPRMAIiApplications_RteComponent0=\#define EEPRMA2_EEPROMRW_DEMO
STMicroelectronics.X-CUBE-EEPRMA1.3.0.0_DeviceJjEEPRMAIiApplications_RteComponentsize=1
STMicroelectronics.X-CUBE-EEPRMA1.3.0.0_MwName0=EEPRMA_Applications
STMicroelectronics.X-CUBE-EEPRMA1.3.0.0_NumberOfMw=1
STMicroelectronics.X-CUBE-EEPRMA1.3.0.0_SwParameter=EEPRMAIiApplicationsCcDeviceJjApplication\:EEPRMA2IiEEPROMRW;
STMicroelectronics.X-CUBE-EEPRMA1.3.0.0_description=Drivers and sample applications for M95xx and M24xx components
STMicroelectronics.X-CUBE-EEPRMA1.3.0.0_license=en.DM00367782.pdf
TIM2.IPParameters=Prescaler,Period
TIM2.Period=4294967295
TIM2.Prescaler=0
USART1.IPParameters=VirtualMode-Asynchronous
USART1.VirtualMode-Asynchronous=VM_ASYNC
VP_COMP1_VS_DACOUT1.Mode=INM_DACOUT1
VP_COMP1_VS_DACOUT1.Signal=COMP1_VS_DACOUT1
VP_DAC1_VS_DACI1.Mode=DAC_OUT1_Int
VP_DAC1_VS_DACI1.Signal=DAC1_VS_DACI1
VP_RTC_VS_RTC_Activate.Mode=RTC_Enabled
VP_RTC_VS_RTC_Activate.Signal=RTC_VS_RTC_Activate
VP_RTC_VS_RTC_Calendar.Mode=RTC_Calendar
VP_RTC_VS_RTC_Calendar.Signal=RTC_VS_RTC_Calendar
VP_RTC_VS_RTC_WakeUp_intern.Mode=WakeUp
VP_RTC_VS_RTC_WakeUp_intern.Signal=RTC_VS_RTC_WakeUp_intern
VP_SYS_VS_Systick.Mode=SysTick
VP_SYS_VS_Systick.Signal=SYS_VS_Systick
VP_TIM2_VS_ClockSourceINT.Mode=Internal
VP_TIM2_VS_ClockSourceINT.Signal=TIM2_VS_ClockSourceINT
board=custom
